PODS:
  - filegate (0.0.1):
    - FlutterMacOS
  - FlutterMacOS (1.0.0)

DEPENDENCIES:
  - filegate (from `Flutter/ephemeral/.symlinks/plugins/filegate/macos`)
  - FlutterMacOS (from `Flutter/ephemeral`)

EXTERNAL SOURCES:
  filegate:
    :path: Flutter/ephemeral/.symlinks/plugins/filegate/macos
  FlutterMacOS:
    :path: Flutter/ephemeral

SPEC CHECKSUMS:
  filegate: 5b11cd8a9bbef43340a219e6c1aa7f77aaf75440
  FlutterMacOS: d0db08ddef1a9af05a5ec4b724367152bb0500b1

PODFILE CHECKSUM: 346bfb2deb41d4a6ebd6f6799f92188bde2d246f

COCOAPODS: 1.16.2
